// !$*UTF8*$!
{
	archiveVersion = 1;
	classes = {
	};
	objectVersion = 77;
	objects = {

/* Begin PBXBuildFile section */
		002750D1EB451F4F52568309 /* SelectionStore.swift in Sources */ = {isa = PBXBuildFile; fileRef = C789993B62FFF0800490E442 /* SelectionStore.swift */; };
		062B7A7F5BFFACD086AAD444 /* StatsView.swift in Sources */ = {isa = PBXBuildFile; fileRef = 61834733CF7CACC9650C8064 /* StatsView.swift */; };
		076A17665A941387760BEB96 /* BrainrotWidget.swift in Sources */ = {isa = PBXBuildFile; fileRef = 480EBE9BFA221F43E39A420E /* BrainrotWidget.swift */; };
		0C93308666609913A5AC57BA /* Roasts.swift in Sources */ = {isa = PBXBuildFile; fileRef = F0532DC41F0A77CCD7FADCC4 /* Roasts.swift */; };
		1A68F85C85E95B2712B99ACA /* CoachView.swift in Sources */ = {isa = PBXBuildFile; fileRef = C576CE2821B632E1FF955D96 /* CoachView.swift */; };
		21DF76302A22A5EB3D4CD008 /* Roasts.swift in Sources */ = {isa = PBXBuildFile; fileRef = F0532DC41F0A77CCD7FADCC4 /* Roasts.swift */; };
		23220110CC11922D4764E1B0 /* SettingsView.swift in Sources */ = {isa = PBXBuildFile; fileRef = 0E2BD6C0F29EB77D73CE6F2D /* SettingsView.swift */; };
		26CA4435C727B5FBE6D7EA73 /* ScreenTimeManager.swift in Sources */ = {isa = PBXBuildFile; fileRef = 8887922A295B0C4359394552 /* ScreenTimeManager.swift */; };
		331D79B185473232C2598319 /* AICoach.swift in Sources */ = {isa = PBXBuildFile; fileRef = 9BCC1FA3F0A3D4FCAAC2CAE1 /* AICoach.swift */; };
		340243E7128A93442AC59C82 /* RotModel.swift in Sources */ = {isa = PBXBuildFile; fileRef = 57BBF14D0597F913C6AA894D /* RotModel.swift */; };
		352BCDDC72046B19E789F4FF /* SharedStore.swift in Sources */ = {isa = PBXBuildFile; fileRef = 6E9B4C7D873CDF374DC5FFFC /* SharedStore.swift */; };
		38D6160AEAF236B8E1241D69 /* ReportExtension.swift in Sources */ = {isa = PBXBuildFile; fileRef = 39DFA06F955A362082360235 /* ReportExtension.swift */; };
		3A7CAD5406F7A9A606DBD46F /* BrainrotMonitor.appex in Embed Foundation Extensions */ = {isa = PBXBuildFile; fileRef = A19AFF8959F827FA442C6279 /* BrainrotMonitor.appex */; settings = {ATTRIBUTES = (RemoveHeadersOnCopy, ); }; };
		450A1EA3522379CFFAA5D687 /* StatsView.swift in Sources */ = {isa = PBXBuildFile; fileRef = 61834733CF7CACC9650C8064 /* StatsView.swift */; };
		45C5636ADB7FC9231A9C5881 /* BrainrotLiteWidget.appex in Embed Foundation Extensions */ = {isa = PBXBuildFile; fileRef = 907D9B510C561B80BC015077 /* BrainrotLiteWidget.appex */; settings = {ATTRIBUTES = (RemoveHeadersOnCopy, ); }; };
		460B6ABA802F43B26D04E033 /* AppGroup.swift in Sources */ = {isa = PBXBuildFile; fileRef = 0115D732F6CD3B2F8FFA2F71 /* AppGroup.swift */; };
		464438E37594CC946BC4BF1B /* Pedometer.swift in Sources */ = {isa = PBXBuildFile; fileRef = 32ADC68CB23C60ED142C05E7 /* Pedometer.swift */; };
		4791F8EE9AB5368E746FD36E /* ChallengeView.swift in Sources */ = {isa = PBXBuildFile; fileRef = 155F05041B774585EF9DCF88 /* ChallengeView.swift */; };
		49A3AA2BA9E365FDA985EB8A /* Keychain.swift in Sources */ = {isa = PBXBuildFile; fileRef = EC2D752DB31959D268989037 /* Keychain.swift */; };
		4ADAF69980E343EA37505DCA /* RotModel.swift in Sources */ = {isa = PBXBuildFile; fileRef = 57BBF14D0597F913C6AA894D /* RotModel.swift */; };
		4C78DC7703228649600CD40A /* RotModel.swift in Sources */ = {isa = PBXBuildFile; fileRef = 57BBF14D0597F913C6AA894D /* RotModel.swift */; };
		4CF052025427AA49E043ADC1 /* ChallengeView.swift in Sources */ = {isa = PBXBuildFile; fileRef = 155F05041B774585EF9DCF88 /* ChallengeView.swift */; };
		5569888DE740113BD2A3AE0B /* CoachView.swift in Sources */ = {isa = PBXBuildFile; fileRef = C576CE2821B632E1FF955D96 /* CoachView.swift */; };
		591D59940421BA1CA10B298F /* SharedStore.swift in Sources */ = {isa = PBXBuildFile; fileRef = 6E9B4C7D873CDF374DC5FFFC /* SharedStore.swift */; };
		59AAE2593F0B90767E24FF13 /* Roasts.swift in Sources */ = {isa = PBXBuildFile; fileRef = F0532DC41F0A77CCD7FADCC4 /* Roasts.swift */; };
		59C4AD9184F475E4AD9E38C7 /* RootView.swift in Sources */ = {isa = PBXBuildFile; fileRef = 19A971B1D514BDFFFCF7B0BE /* RootView.swift */; };
		5C7AAF70CC9E0ED49FD80DCE /* RotModel.swift in Sources */ = {isa = PBXBuildFile; fileRef = 57BBF14D0597F913C6AA894D /* RotModel.swift */; };
		5FD251FEA3EF60B09B85827E /* ShieldConfigurationExtension.swift in Sources */ = {isa = PBXBuildFile; fileRef = FED64BA58DBFD3FA33B8E455 /* ShieldConfigurationExtension.swift */; };
		5FE45BE97AF8128FB2C67FD7 /* SharedStore.swift in Sources */ = {isa = PBXBuildFile; fileRef = 6E9B4C7D873CDF374DC5FFFC /* SharedStore.swift */; };
		65A50B05B2E129CF0A398296 /* BrainView.swift in Sources */ = {isa = PBXBuildFile; fileRef = CEF741EFABEF3837C52495AC /* BrainView.swift */; };
		6A6B8F5594E65713500A20B2 /* ShieldActionExtension.swift in Sources */ = {isa = PBXBuildFile; fileRef = 4835DF833310D3B37751D6B0 /* ShieldActionExtension.swift */; };
		7BA26B80D1E2C017B0C1BB46 /* Components.swift in Sources */ = {isa = PBXBuildFile; fileRef = B8ACEF4F6D29253C000C9571 /* Components.swift */; };
		7BF6A2ECF32197DB5766129E /* Keychain.swift in Sources */ = {isa = PBXBuildFile; fileRef = EC2D752DB31959D268989037 /* Keychain.swift */; };
		7DD7A975BD88F71FE5CA003B /* BrainView.swift in Sources */ = {isa = PBXBuildFile; fileRef = CEF741EFABEF3837C52495AC /* BrainView.swift */; };
		7EE3EA33039CA905CCEECC37 /* ActivityNames.swift in Sources */ = {isa = PBXBuildFile; fileRef = A28A3D6088DAF8B1A2A1E696 /* ActivityNames.swift */; };
		7FD51559A2CEA9AF7FB4071E /* Assets.xcassets in Resources */ = {isa = PBXBuildFile; fileRef = 0A6F6DC82C0309EC0F3FFC5C /* Assets.xcassets */; };
		804E58BCA68A21CA2161A1F5 /* AppModel.swift in Sources */ = {isa = PBXBuildFile; fileRef = 60E89CD1B04394C408A13FED /* AppModel.swift */; };
		82D3FA597F0D729D00ADA8C9 /* BrainrotShieldConfig.appex in Embed Foundation Extensions */ = {isa = PBXBuildFile; fileRef = B01921ED113A7CC80CED55AF /* BrainrotShieldConfig.appex */; settings = {ATTRIBUTES = (RemoveHeadersOnCopy, ); }; };
		8524C23E60EB1F79B4E24B83 /* BrainView.swift in Sources */ = {isa = PBXBuildFile; fileRef = CEF741EFABEF3837C52495AC /* BrainView.swift */; };
		86F2A67161570BE35E7A7002 /* RotModel.swift in Sources */ = {isa = PBXBuildFile; fileRef = 57BBF14D0597F913C6AA894D /* RotModel.swift */; };
		883EC00F5742BD3782C1E844 /* AppGroup.swift in Sources */ = {isa = PBXBuildFile; fileRef = 0115D732F6CD3B2F8FFA2F71 /* AppGroup.swift */; };
		890E6478F82684932CD84BB9 /* Roasts.swift in Sources */ = {isa = PBXBuildFile; fileRef = F0532DC41F0A77CCD7FADCC4 /* Roasts.swift */; };
		8AB11721C3670D56A484FC0B /* SettingsView.swift in Sources */ = {isa = PBXBuildFile; fileRef = 0E2BD6C0F29EB77D73CE6F2D /* SettingsView.swift */; };
		8B74433660C145A37C3A0B07 /* BrainrotWidget.appex in Embed Foundation Extensions */ = {isa = PBXBuildFile; fileRef = 7DBC34B9E04EB864449D1D2D /* BrainrotWidget.appex */; settings = {ATTRIBUTES = (RemoveHeadersOnCopy, ); }; };
		8C7A3512A010A19906C7A39B /* AppGroup.swift in Sources */ = {isa = PBXBuildFile; fileRef = 0115D732F6CD3B2F8FFA2F71 /* AppGroup.swift */; };
		8D6B44CB84153243715A4098 /* Components.swift in Sources */ = {isa = PBXBuildFile; fileRef = B8ACEF4F6D29253C000C9571 /* Components.swift */; };
		8E9E9A09319E59BE52E7F33A /* DashboardView.swift in Sources */ = {isa = PBXBuildFile; fileRef = 6FC417EED7BDB0499AFA51C0 /* DashboardView.swift */; };
		900FE6D25DC4267E18F05274 /* BrainView.swift in Sources */ = {isa = PBXBuildFile; fileRef = CEF741EFABEF3837C52495AC /* BrainView.swift */; };
		96DB8B88E99117B0278D6BE8 /* OnboardingView.swift in Sources */ = {isa = PBXBuildFile; fileRef = C16EA16BA05A81185190EE38 /* OnboardingView.swift */; };
		9883775C9FCDBC0D9F73EFE9 /* ScreenTimeManager.swift in Sources */ = {isa = PBXBuildFile; fileRef = 8887922A295B0C4359394552 /* ScreenTimeManager.swift */; };
		999F5947D7EF6DED6643C41C /* RootView.swift in Sources */ = {isa = PBXBuildFile; fileRef = 19A971B1D514BDFFFCF7B0BE /* RootView.swift */; };
		9DC7DD6ACE528D772BCBEE9F /* DeviceActivityMonitorExtension.swift in Sources */ = {isa = PBXBuildFile; fileRef = DD9BDDE3C9D8758617BD3437 /* DeviceActivityMonitorExtension.swift */; };
		A3596C0FB4624CCF2E2EED8B /* AICoach.swift in Sources */ = {isa = PBXBuildFile; fileRef = 9BCC1FA3F0A3D4FCAAC2CAE1 /* AICoach.swift */; };
		A6AE4F36246A555B9DACB17B /* RotModel.swift in Sources */ = {isa = PBXBuildFile; fileRef = 57BBF14D0597F913C6AA894D /* RotModel.swift */; };
		B1BC10E4B4217F447EEEDABF /* BrainView.swift in Sources */ = {isa = PBXBuildFile; fileRef = CEF741EFABEF3837C52495AC /* BrainView.swift */; };
		BD453E9F72D0E6C4B5EA38E5 /* BrainView.swift in Sources */ = {isa = PBXBuildFile; fileRef = CEF741EFABEF3837C52495AC /* BrainView.swift */; };
		C142D86AE12380E2DFFCF52C /* BrainrotWidget.swift in Sources */ = {isa = PBXBuildFile; fileRef = 480EBE9BFA221F43E39A420E /* BrainrotWidget.swift */; };
		C53D23DFD156BD2347A36CE6 /* RotModel.swift in Sources */ = {isa = PBXBuildFile; fileRef = 57BBF14D0597F913C6AA894D /* RotModel.swift */; };
		C619F7008CA222C44AA4EC6A /* Roasts.swift in Sources */ = {isa = PBXBuildFile; fileRef = F0532DC41F0A77CCD7FADCC4 /* Roasts.swift */; };
		C779D017DDE387B78BB03910 /* AppGroup.swift in Sources */ = {isa = PBXBuildFile; fileRef = 0115D732F6CD3B2F8FFA2F71 /* AppGroup.swift */; };
		C8B0CAF0C7BBCBEC8977C881 /* BrainrotApp.swift in Sources */ = {isa = PBXBuildFile; fileRef = 956143EE56454DDF9C3D926A /* BrainrotApp.swift */; };
		C9FF0E9A6FCC2C5ADCE1A957 /* BrainView.swift in Sources */ = {isa = PBXBuildFile; fileRef = CEF741EFABEF3837C52495AC /* BrainView.swift */; };
		CE53397BD233EFB038AB7942 /* ActivityNames.swift in Sources */ = {isa = PBXBuildFile; fileRef = A28A3D6088DAF8B1A2A1E696 /* ActivityNames.swift */; };
		D00C78CC1F4C8BBCD7314087 /* AppGroup.swift in Sources */ = {isa = PBXBuildFile; fileRef = 0115D732F6CD3B2F8FFA2F71 /* AppGroup.swift */; };
		D1BAA6508636FFD54D0D9BF9 /* Roasts.swift in Sources */ = {isa = PBXBuildFile; fileRef = F0532DC41F0A77CCD7FADCC4 /* Roasts.swift */; };
		D2C9ED1223727DC73C54E135 /* Roasts.swift in Sources */ = {isa = PBXBuildFile; fileRef = F0532DC41F0A77CCD7FADCC4 /* Roasts.swift */; };
		D525FC445AFB84674F299890 /* AppGroup.swift in Sources */ = {isa = PBXBuildFile; fileRef = 0115D732F6CD3B2F8FFA2F71 /* AppGroup.swift */; };
		D5BB0591098B108DC73E9205 /* AppGroup.swift in Sources */ = {isa = PBXBuildFile; fileRef = 0115D732F6CD3B2F8FFA2F71 /* AppGroup.swift */; };
		D9477BFAEB0A5E17D51ADBCB /* OnboardingView.swift in Sources */ = {isa = PBXBuildFile; fileRef = C16EA16BA05A81185190EE38 /* OnboardingView.swift */; };
		DB5E06AB8AB001BCD40A1E9B /* BrainView.swift in Sources */ = {isa = PBXBuildFile; fileRef = CEF741EFABEF3837C52495AC /* BrainView.swift */; };
		DCD5AC53A0518CD242034BB9 /* Assets.xcassets in Resources */ = {isa = PBXBuildFile; fileRef = 0A6F6DC82C0309EC0F3FFC5C /* Assets.xcassets */; };
		DE4736A50584B18737399291 /* RotModel.swift in Sources */ = {isa = PBXBuildFile; fileRef = 57BBF14D0597F913C6AA894D /* RotModel.swift */; };
		DE4C706F09DAA2F5F3B48099 /* SharedStore.swift in Sources */ = {isa = PBXBuildFile; fileRef = 6E9B4C7D873CDF374DC5FFFC /* SharedStore.swift */; };
		DF4C56AFDD31CBC3CE918CBB /* SharedStore.swift in Sources */ = {isa = PBXBuildFile; fileRef = 6E9B4C7D873CDF374DC5FFFC /* SharedStore.swift */; };
		E029DADF92CB0F5C9789826C /* SharedStore.swift in Sources */ = {isa = PBXBuildFile; fileRef = 6E9B4C7D873CDF374DC5FFFC /* SharedStore.swift */; };
		E0E8AD729323708C5D1E70CC /* BrainrotReport.appex in Embed Foundation Extensions */ = {isa = PBXBuildFile; fileRef = F9CB793D1B91618965BF057A /* BrainrotReport.appex */; settings = {ATTRIBUTES = (RemoveHeadersOnCopy, ); }; };
		E2E278F1A0A79A4F2838DA61 /* SelectionStore.swift in Sources */ = {isa = PBXBuildFile; fileRef = C789993B62FFF0800490E442 /* SelectionStore.swift */; };
		E3A9C00019A937415C19C76C /* SharedStore.swift in Sources */ = {isa = PBXBuildFile; fileRef = 6E9B4C7D873CDF374DC5FFFC /* SharedStore.swift */; };
		E90389C1042F6DE38E96CB1C /* BrainrotApp.swift in Sources */ = {isa = PBXBuildFile; fileRef = 956143EE56454DDF9C3D926A /* BrainrotApp.swift */; };
		ED27EB3894EBC239F17AFF52 /* Pedometer.swift in Sources */ = {isa = PBXBuildFile; fileRef = 32ADC68CB23C60ED142C05E7 /* Pedometer.swift */; };
		ED3EFBEF82AD9E690F2FC969 /* DashboardView.swift in Sources */ = {isa = PBXBuildFile; fileRef = 6FC417EED7BDB0499AFA51C0 /* DashboardView.swift */; };
		EF9EF72F94A1AAA7FBACCB97 /* SharedStore.swift in Sources */ = {isa = PBXBuildFile; fileRef = 6E9B4C7D873CDF374DC5FFFC /* SharedStore.swift */; };
		F0705720EAB0F94314CFAF00 /* Roasts.swift in Sources */ = {isa = PBXBuildFile; fileRef = F0532DC41F0A77CCD7FADCC4 /* Roasts.swift */; };
		F3E7CF3BEDCE6D3002E053E2 /* BrainrotShieldAction.appex in Embed Foundation Extensions */ = {isa = PBXBuildFile; fileRef = AA5425599151777A0F98D424 /* BrainrotShieldAction.appex */; settings = {ATTRIBUTES = (RemoveHeadersOnCopy, ); }; };
		F4C8083A4CD224591120AB66 /* ActivityNames.swift in Sources */ = {isa = PBXBuildFile; fileRef = A28A3D6088DAF8B1A2A1E696 /* ActivityNames.swift */; };
		F759C03D366C19ED3343F39F /* AppGroup.swift in Sources */ = {isa = PBXBuildFile; fileRef = 0115D732F6CD3B2F8FFA2F71 /* AppGroup.swift */; };
		FBACAB16895FCBF3F80D1500 /* SelectionStore.swift in Sources */ = {isa = PBXBuildFile; fileRef = C789993B62FFF0800490E442 /* SelectionStore.swift */; };
		FD7572C301955E422C4A78FE /* AppModel.swift in Sources */ = {isa = PBXBuildFile; fileRef = 60E89CD1B04394C408A13FED /* AppModel.swift */; };
/* End PBXBuildFile section */

/* Begin PBXContainerItemProxy section */
		444A9284A5FB09360073DCF7 /* PBXContainerItemProxy */ = {
			isa = PBXContainerItemProxy;
			containerPortal = F1A9D09DD59D2C6CB6687581 /* Project object */;
			proxyType = 1;
			remoteGlobalIDString = F18E425158B63738A159AFB7;
			remoteInfo = BrainrotWidget;
		};
		85633572FB2CFC777D3C6F3E /* PBXContainerItemProxy */ = {
			isa = PBXContainerItemProxy;
			containerPortal = F1A9D09DD59D2C6CB6687581 /* Project object */;
			proxyType = 1;
			remoteGlobalIDString = 623FC078BAB74D32F29B6BBB;
			remoteInfo = BrainrotMonitor;
		};
		8753E121E640ACF139B08D52 /* PBXContainerItemProxy */ = {
			isa = PBXContainerItemProxy;
			containerPortal = F1A9D09DD59D2C6CB6687581 /* Project object */;
			proxyType = 1;
			remoteGlobalIDString = 93C483CD59314285401007C9;
			remoteInfo = BrainrotShieldAction;
		};
		987663DC112701499E7790F6 /* PBXContainerItemProxy */ = {
			isa = PBXContainerItemProxy;
			containerPortal = F1A9D09DD59D2C6CB6687581 /* Project object */;
			proxyType = 1;
			remoteGlobalIDString = A82EFA0DFECB6BB8FAC025D3;
			remoteInfo = BrainrotReport;
		};
		A8661B98D53E0FEB606A9442 /* PBXContainerItemProxy */ = {
			isa = PBXContainerItemProxy;
			containerPortal = F1A9D09DD59D2C6CB6687581 /* Project object */;
			proxyType = 1;
			remoteGlobalIDString = ACA763C80D4E3D976F0AF0F2;
			remoteInfo = BrainrotShieldConfig;
		};
		F0BD41D1300D9A9F13589902 /* PBXContainerItemProxy */ = {
			isa = PBXContainerItemProxy;
			containerPortal = F1A9D09DD59D2C6CB6687581 /* Project object */;
			proxyType = 1;
			remoteGlobalIDString = D7915915D6E953F3BF0540D8;
			remoteInfo = BrainrotLiteWidget;
		};
/* End PBXContainerItemProxy section */

/* Begin PBXCopyFilesBuildPhase section */
		1468B72410723CF8B70C7675 /* Embed Foundation Extensions */ = {
			isa = PBXCopyFilesBuildPhase;
			buildActionMask = 2147483647;
			dstPath = "";
			dstSubfolderSpec = 13;
			files = (
				8B74433660C145A37C3A0B07 /* BrainrotWidget.appex in Embed Foundation Extensions */,
				3A7CAD5406F7A9A606DBD46F /* BrainrotMonitor.appex in Embed Foundation Extensions */,
				E0E8AD729323708C5D1E70CC /* BrainrotReport.appex in Embed Foundation Extensions */,
				82D3FA597F0D729D00ADA8C9 /* BrainrotShieldConfig.appex in Embed Foundation Extensions */,
				F3E7CF3BEDCE6D3002E053E2 /* BrainrotShieldAction.appex in Embed Foundation Extensions */,
			);
			name = "Embed Foundation Extensions";
			runOnlyForDeploymentPostprocessing = 0;
		};
		BB7D4BCB422C09538FD2E96E /* Embed Foundation Extensions */ = {
			isa = PBXCopyFilesBuildPhase;
			buildActionMask = 2147483647;
			dstPath = "";
			dstSubfolderSpec = 13;
			files = (
				45C5636ADB7FC9231A9C5881 /* BrainrotLiteWidget.appex in Embed Foundation Extensions */,
			);
			name = "Embed Foundation Extensions";
			runOnlyForDeploymentPostprocessing = 0;
		};
/* End PBXCopyFilesBuildPhase section */

/* Begin PBXFileReference section */
		0115D732F6CD3B2F8FFA2F71 /* AppGroup.swift */ = {isa = PBXFileReference; lastKnownFileType = sourcecode.swift; path = AppGroup.swift; sourceTree = "<group>"; };
		0A6F6DC82C0309EC0F3FFC5C /* Assets.xcassets */ = {isa = PBXFileReference; lastKnownFileType = folder.assetcatalog; path = Assets.xcassets; sourceTree = "<group>"; };
		0E2BD6C0F29EB77D73CE6F2D /* SettingsView.swift */ = {isa = PBXFileReference; lastKnownFileType = sourcecode.swift; path = SettingsView.swift; sourceTree = "<group>"; };
		155F05041B774585EF9DCF88 /* ChallengeView.swift */ = {isa = PBXFileReference; lastKnownFileType = sourcecode.swift; path = ChallengeView.swift; sourceTree = "<group>"; };
		19A971B1D514BDFFFCF7B0BE /* RootView.swift */ = {isa = PBXFileReference; lastKnownFileType = sourcecode.swift; path = RootView.swift; sourceTree = "<group>"; };
		25C50D13C0E6F9701E3585DD /* Brainrot.app */ = {isa = PBXFileReference; includeInIndex = 0; lastKnownFileType = wrapper.application; path = Brainrot.app; sourceTree = BUILT_PRODUCTS_DIR; };
		32ADC68CB23C60ED142C05E7 /* Pedometer.swift */ = {isa = PBXFileReference; lastKnownFileType = sourcecode.swift; path = Pedometer.swift; sourceTree = "<group>"; };
		39DFA06F955A362082360235 /* ReportExtension.swift */ = {isa = PBXFileReference; lastKnownFileType = sourcecode.swift; path = ReportExtension.swift; sourceTree = "<group>"; };
		480EBE9BFA221F43E39A420E /* BrainrotWidget.swift */ = {isa = PBXFileReference; lastKnownFileType = sourcecode.swift; path = BrainrotWidget.swift; sourceTree = "<group>"; };
		4835DF833310D3B37751D6B0 /* ShieldActionExtension.swift */ = {isa = PBXFileReference; lastKnownFileType = sourcecode.swift; path = ShieldActionExtension.swift; sourceTree = "<group>"; };
		57BBF14D0597F913C6AA894D /* RotModel.swift */ = {isa = PBXFileReference; lastKnownFileType = sourcecode.swift; path = RotModel.swift; sourceTree = "<group>"; };
		60E89CD1B04394C408A13FED /* AppModel.swift */ = {isa = PBXFileReference; lastKnownFileType = sourcecode.swift; path = AppModel.swift; sourceTree = "<group>"; };
		61834733CF7CACC9650C8064 /* StatsView.swift */ = {isa = PBXFileReference; lastKnownFileType = sourcecode.swift; path = StatsView.swift; sourceTree = "<group>"; };
		6E9B4C7D873CDF374DC5FFFC /* SharedStore.swift */ = {isa = PBXFileReference; lastKnownFileType = sourcecode.swift; path = SharedStore.swift; sourceTree = "<group>"; };
		6FC417EED7BDB0499AFA51C0 /* DashboardView.swift */ = {isa = PBXFileReference; lastKnownFileType = sourcecode.swift; path = DashboardView.swift; sourceTree = "<group>"; };
		7DBC34B9E04EB864449D1D2D /* BrainrotWidget.appex */ = {isa = PBXFileReference; includeInIndex = 0; lastKnownFileType = "wrapper.app-extension"; path = BrainrotWidget.appex; sourceTree = BUILT_PRODUCTS_DIR; };
		8887922A295B0C4359394552 /* ScreenTimeManager.swift */ = {isa = PBXFileReference; lastKnownFileType = sourcecode.swift; path = ScreenTimeManager.swift; sourceTree = "<group>"; };
		907D9B510C561B80BC015077 /* BrainrotLiteWidget.appex */ = {isa = PBXFileReference; includeInIndex = 0; lastKnownFileType = "wrapper.app-extension"; path = BrainrotLiteWidget.appex; sourceTree = BUILT_PRODUCTS_DIR; };
		956143EE56454DDF9C3D926A /* BrainrotApp.swift */ = {isa = PBXFileReference; lastKnownFileType = sourcecode.swift; path = BrainrotApp.swift; sourceTree = "<group>"; };
		9BCC1FA3F0A3D4FCAAC2CAE1 /* AICoach.swift */ = {isa = PBXFileReference; lastKnownFileType = sourcecode.swift; path = AICoach.swift; sourceTree = "<group>"; };
		A19AFF8959F827FA442C6279 /* BrainrotMonitor.appex */ = {isa = PBXFileReference; includeInIndex = 0; lastKnownFileType = "wrapper.app-extension"; path = BrainrotMonitor.appex; sourceTree = BUILT_PRODUCTS_DIR; };
		A28A3D6088DAF8B1A2A1E696 /* ActivityNames.swift */ = {isa = PBXFileReference; lastKnownFileType = sourcecode.swift; path = ActivityNames.swift; sourceTree = "<group>"; };
		AA5425599151777A0F98D424 /* BrainrotShieldAction.appex */ = {isa = PBXFileReference; includeInIndex = 0; lastKnownFileType = "wrapper.app-extension"; path = BrainrotShieldAction.appex; sourceTree = BUILT_PRODUCTS_DIR; };
		B01921ED113A7CC80CED55AF /* BrainrotShieldConfig.appex */ = {isa = PBXFileReference; includeInIndex = 0; lastKnownFileType = "wrapper.app-extension"; path = BrainrotShieldConfig.appex; sourceTree = BUILT_PRODUCTS_DIR; };
		B8ACEF4F6D29253C000C9571 /* Components.swift */ = {isa = PBXFileReference; lastKnownFileType = sourcecode.swift; path = Components.swift; sourceTree = "<group>"; };
		C16EA16BA05A81185190EE38 /* OnboardingView.swift */ = {isa = PBXFileReference; lastKnownFileType = sourcecode.swift; path = OnboardingView.swift; sourceTree = "<group>"; };
		C576CE2821B632E1FF955D96 /* CoachView.swift */ = {isa = PBXFileReference; lastKnownFileType = sourcecode.swift; path = CoachView.swift; sourceTree = "<group>"; };
		C789993B62FFF0800490E442 /* SelectionStore.swift */ = {isa = PBXFileReference; lastKnownFileType = sourcecode.swift; path = SelectionStore.swift; sourceTree = "<group>"; };
		CEF741EFABEF3837C52495AC /* BrainView.swift */ = {isa = PBXFileReference; lastKnownFileType = sourcecode.swift; path = BrainView.swift; sourceTree = "<group>"; };
		DC5DBA93C022D5E87E3BEF2F /* BrainrotLite.app */ = {isa = PBXFileReference; includeInIndex = 0; lastKnownFileType = wrapper.application; path = BrainrotLite.app; sourceTree = BUILT_PRODUCTS_DIR; };
		DD9BDDE3C9D8758617BD3437 /* DeviceActivityMonitorExtension.swift */ = {isa = PBXFileReference; lastKnownFileType = sourcecode.swift; path = DeviceActivityMonitorExtension.swift; sourceTree = "<group>"; };
		EC2D752DB31959D268989037 /* Keychain.swift */ = {isa = PBXFileReference; lastKnownFileType = sourcecode.swift; path = Keychain.swift; sourceTree = "<group>"; };
		F0532DC41F0A77CCD7FADCC4 /* Roasts.swift */ = {isa = PBXFileReference; lastKnownFileType = sourcecode.swift; path = Roasts.swift; sourceTree = "<group>"; };
		F9CB793D1B91618965BF057A /* BrainrotReport.appex */ = {isa = PBXFileReference; includeInIndex = 0; lastKnownFileType = "wrapper.app-extension"; path = BrainrotReport.appex; sourceTree = BUILT_PRODUCTS_DIR; };
		FED64BA58DBFD3FA33B8E455 /* ShieldConfigurationExtension.swift */ = {isa = PBXFileReference; lastKnownFileType = sourcecode.swift; path = ShieldConfigurationExtension.swift; sourceTree = "<group>"; };
/* End PBXFileReference section */

/* Begin PBXGroup section */
		18D30AAD8ECC685C182F3DC3 = {
			isa = PBXGroup;
			children = (
				2A5841784ECCF01712D8A795 /* Brainrot */,
				B19E5297FC59D93415ADEB2C /* BrainrotMonitor */,
				B91233F19E3E640AD89A9F30 /* BrainrotReport */,
				DCEBB9797D2E4F6F609CE4FD /* BrainrotShieldAction */,
				30C0AE4A1299C3176CFBC273 /* BrainrotShieldConfig */,
				6FB83B93CBF5D102666057D8 /* BrainrotWidget */,
				39820FE0654E1B022ED029BE /* Shared */,
				7174D4D6DE0E3BA460ACF4FB /* SharedScreenTime */,
				BC3680638F9FCFE5164C4290 /* Products */,
			);
			sourceTree = "<group>";
		};
		294AC073309883D91D95EFD0 /* Services */ = {
			isa = PBXGroup;
			children = (
				9BCC1FA3F0A3D4FCAAC2CAE1 /* AICoach.swift */,
				60E89CD1B04394C408A13FED /* AppModel.swift */,
				EC2D752DB31959D268989037 /* Keychain.swift */,
				32ADC68CB23C60ED142C05E7 /* Pedometer.swift */,
				8887922A295B0C4359394552 /* ScreenTimeManager.swift */,
			);
			path = Services;
			sourceTree = "<group>";
		};
		2A5841784ECCF01712D8A795 /* Brainrot */ = {
			isa = PBXGroup;
			children = (
				0A6F6DC82C0309EC0F3FFC5C /* Assets.xcassets */,
				956143EE56454DDF9C3D926A /* BrainrotApp.swift */,
				294AC073309883D91D95EFD0 /* Services */,
				42C090BB426CFA004F88AE14 /* Views */,
			);
			path = Brainrot;
			sourceTree = "<group>";
		};
		30C0AE4A1299C3176CFBC273 /* BrainrotShieldConfig */ = {
			isa = PBXGroup;
			children = (
				FED64BA58DBFD3FA33B8E455 /* ShieldConfigurationExtension.swift */,
			);
			path = BrainrotShieldConfig;
			sourceTree = "<group>";
		};
		39820FE0654E1B022ED029BE /* Shared */ = {
			isa = PBXGroup;
			children = (
				0115D732F6CD3B2F8FFA2F71 /* AppGroup.swift */,
				CEF741EFABEF3837C52495AC /* BrainView.swift */,
				F0532DC41F0A77CCD7FADCC4 /* Roasts.swift */,
				57BBF14D0597F913C6AA894D /* RotModel.swift */,
				6E9B4C7D873CDF374DC5FFFC /* SharedStore.swift */,
			);
			path = Shared;
			sourceTree = "<group>";
		};
		42C090BB426CFA004F88AE14 /* Views */ = {
			isa = PBXGroup;
			children = (
				155F05041B774585EF9DCF88 /* ChallengeView.swift */,
				C576CE2821B632E1FF955D96 /* CoachView.swift */,
				B8ACEF4F6D29253C000C9571 /* Components.swift */,
				6FC417EED7BDB0499AFA51C0 /* DashboardView.swift */,
				C16EA16BA05A81185190EE38 /* OnboardingView.swift */,
				19A971B1D514BDFFFCF7B0BE /* RootView.swift */,
				0E2BD6C0F29EB77D73CE6F2D /* SettingsView.swift */,
				61834733CF7CACC9650C8064 /* StatsView.swift */,
			);
			path = Views;
			sourceTree = "<group>";
		};
		6FB83B93CBF5D102666057D8 /* BrainrotWidget */ = {
			isa = PBXGroup;
			children = (
				480EBE9BFA221F43E39A420E /* BrainrotWidget.swift */,
			);
			path = BrainrotWidget;
			sourceTree = "<group>";
		};
		7174D4D6DE0E3BA460ACF4FB /* SharedScreenTime */ = {
			isa = PBXGroup;
			children = (
				A28A3D6088DAF8B1A2A1E696 /* ActivityNames.swift */,
				C789993B62FFF0800490E442 /* SelectionStore.swift */,
			);
			path = SharedScreenTime;
			sourceTree = "<group>";
		};
		B19E5297FC59D93415ADEB2C /* BrainrotMonitor */ = {
			isa = PBXGroup;
			children = (
				DD9BDDE3C9D8758617BD3437 /* DeviceActivityMonitorExtension.swift */,
			);
			path = BrainrotMonitor;
			sourceTree = "<group>";
		};
		B91233F19E3E640AD89A9F30 /* BrainrotReport */ = {
			isa = PBXGroup;
			children = (
				39DFA06F955A362082360235 /* ReportExtension.swift */,
			);
			path = BrainrotReport;
			sourceTree = "<group>";
		};
		BC3680638F9FCFE5164C4290 /* Products */ = {
			isa = PBXGroup;
			children = (
				25C50D13C0E6F9701E3585DD /* Brainrot.app */,
				DC5DBA93C022D5E87E3BEF2F /* BrainrotLite.app */,
				907D9B510C561B80BC015077 /* BrainrotLiteWidget.appex */,
				A19AFF8959F827FA442C6279 /* BrainrotMonitor.appex */,
				F9CB793D1B91618965BF057A /* BrainrotReport.appex */,
				AA5425599151777A0F98D424 /* BrainrotShieldAction.appex */,
				B01921ED113A7CC80CED55AF /* BrainrotShieldConfig.appex */,
				7DBC34B9E04EB864449D1D2D /* BrainrotWidget.appex */,
			);
			name = Products;
			sourceTree = "<group>";
		};
		DCEBB9797D2E4F6F609CE4FD /* BrainrotShieldAction */ = {
			isa = PBXGroup;
			children = (
				4835DF833310D3B37751D6B0 /* ShieldActionExtension.swift */,
			);
			path = BrainrotShieldAction;
			sourceTree = "<group>";
		};
/* End PBXGroup section */

/* Begin PBXNativeTarget section */
		623FC078BAB74D32F29B6BBB /* BrainrotMonitor */ = {
			isa = PBXNativeTarget;
			buildConfigurationList = 5CF5FF5C84F95CEDA7174D87 /* Build configuration list for PBXNativeTarget "BrainrotMonitor" */;
			buildPhases = (
				6A4F465D6E18959E19283BF1 /* Sources */,
			);
			buildRules = (
			);
			dependencies = (
			);
			name = BrainrotMonitor;
			packageProductDependencies = (
			);
			productName = BrainrotMonitor;
			productReference = A19AFF8959F827FA442C6279 /* BrainrotMonitor.appex */;
			productType = "com.apple.product-type.app-extension";
		};
		6EBFC501B900AD6E488D694B /* Brainrot */ = {
			isa = PBXNativeTarget;
			buildConfigurationList = A9FBE5476C4AD87D29D22EEE /* Build configuration list for PBXNativeTarget "Brainrot" */;
			buildPhases = (
				B77F79559C89023E9EA1496C /* Sources */,
				013DAB448BCE5739338B1C21 /* Resources */,
				1468B72410723CF8B70C7675 /* Embed Foundation Extensions */,
			);
			buildRules = (
			);
			dependencies = (
				BDBB5A683CFF9A4299BF4F76 /* PBXTargetDependency */,
				7490AB2BD1EC399D0F2BAC8F /* PBXTargetDependency */,
				EBD1A6484DC620B8A86C28A4 /* PBXTargetDependency */,
				9BC1C4608D89EA88F50FD4BA /* PBXTargetDependency */,
				93B0A01ACFF00947505AB08D /* PBXTargetDependency */,
			);
			name = Brainrot;
			packageProductDependencies = (
			);
			productName = Brainrot;
			productReference = 25C50D13C0E6F9701E3585DD /* Brainrot.app */;
			productType = "com.apple.product-type.application";
		};
		93C483CD59314285401007C9 /* BrainrotShieldAction */ = {
			isa = PBXNativeTarget;
			buildConfigurationList = F7E31179A67184E718D33E39 /* Build configuration list for PBXNativeTarget "BrainrotShieldAction" */;
			buildPhases = (
				FFC862C2DE8BD4BF10170D1A /* Sources */,
			);
			buildRules = (
			);
			dependencies = (
			);
			name = BrainrotShieldAction;
			packageProductDependencies = (
			);
			productName = BrainrotShieldAction;
			productReference = AA5425599151777A0F98D424 /* BrainrotShieldAction.appex */;
			productType = "com.apple.product-type.app-extension";
		};
		A82EFA0DFECB6BB8FAC025D3 /* BrainrotReport */ = {
			isa = PBXNativeTarget;
			buildConfigurationList = 430B07EAB43BD723170F19A6 /* Build configuration list for PBXNativeTarget "BrainrotReport" */;
			buildPhases = (
				D45FA453BF7C1E2258290042 /* Sources */,
			);
			buildRules = (
			);
			dependencies = (
			);
			name = BrainrotReport;
			packageProductDependencies = (
			);
			productName = BrainrotReport;
			productReference = F9CB793D1B91618965BF057A /* BrainrotReport.appex */;
			productType = "com.apple.product-type.app-extension";
		};
		ACA763C80D4E3D976F0AF0F2 /* BrainrotShieldConfig */ = {
			isa = PBXNativeTarget;
			buildConfigurationList = DC97AC55B128BA51CDFBE4B8 /* Build configuration list for PBXNativeTarget "BrainrotShieldConfig" */;
			buildPhases = (
				6AF080D4D8DAA8FC4F3CE20C /* Sources */,
			);
			buildRules = (
			);
			dependencies = (
			);
			name = BrainrotShieldConfig;
			packageProductDependencies = (
			);
			productName = BrainrotShieldConfig;
			productReference = B01921ED113A7CC80CED55AF /* BrainrotShieldConfig.appex */;
			productType = "com.apple.product-type.app-extension";
		};
		D7915915D6E953F3BF0540D8 /* BrainrotLiteWidget */ = {
			isa = PBXNativeTarget;
			buildConfigurationList = E7E3B538028D78C8003E6FB7 /* Build configuration list for PBXNativeTarget "BrainrotLiteWidget" */;
			buildPhases = (
				9BA073DE91DC132371568035 /* Sources */,
			);
			buildRules = (
			);
			dependencies = (
			);
			name = BrainrotLiteWidget;
			packageProductDependencies = (
			);
			productName = BrainrotLiteWidget;
			productReference = 907D9B510C561B80BC015077 /* BrainrotLiteWidget.appex */;
			productType = "com.apple.product-type.app-extension";
		};
		E12F140DD11D2E9265750C53 /* BrainrotLite */ = {
			isa = PBXNativeTarget;
			buildConfigurationList = 5F466157019D01EF7BF29239 /* Build configuration list for PBXNativeTarget "BrainrotLite" */;
			buildPhases = (
				E822E783E085E8A2384D3DF6 /* Sources */,
				7ACF6509B748BA127AC1E9CD /* Resources */,
				BB7D4BCB422C09538FD2E96E /* Embed Foundation Extensions */,
			);
			buildRules = (
			);
			dependencies = (
				9249E55509A3596D878C06C8 /* PBXTargetDependency */,
			);
			name = BrainrotLite;
			packageProductDependencies = (
			);
			productName = BrainrotLite;
			productReference = DC5DBA93C022D5E87E3BEF2F /* BrainrotLite.app */;
			productType = "com.apple.product-type.application";
		};
		F18E425158B63738A159AFB7 /* BrainrotWidget */ = {
			isa = PBXNativeTarget;
			buildConfigurationList = 6377A6C4C2FD9C144AE093A4 /* Build configuration list for PBXNativeTarget "BrainrotWidget" */;
			buildPhases = (
				B5E7BAEED0CE3B30E43B7A39 /* Sources */,
			);
			buildRules = (
			);
			dependencies = (
			);
			name = BrainrotWidget;
			packageProductDependencies = (
			);
			productName = BrainrotWidget;
			productReference = 7DBC34B9E04EB864449D1D2D /* BrainrotWidget.appex */;
			productType = "com.apple.product-type.app-extension";
		};
/* End PBXNativeTarget section */

/* Begin PBXProject section */
		F1A9D09DD59D2C6CB6687581 /* Project object */ = {
			isa = PBXProject;
			attributes = {
				BuildIndependentTargetsInParallel = YES;
				LastUpgradeCheck = 2600;
				TargetAttributes = {
					623FC078BAB74D32F29B6BBB = {
						DevelopmentTeam = HRZTF76M9G;
						ProvisioningStyle = Automatic;
					};
					6EBFC501B900AD6E488D694B = {
						DevelopmentTeam = HRZTF76M9G;
						ProvisioningStyle = Automatic;
					};
					93C483CD59314285401007C9 = {
						DevelopmentTeam = HRZTF76M9G;
						ProvisioningStyle = Automatic;
					};
					A82EFA0DFECB6BB8FAC025D3 = {
						DevelopmentTeam = HRZTF76M9G;
						ProvisioningStyle = Automatic;
					};
					ACA763C80D4E3D976F0AF0F2 = {
						DevelopmentTeam = HRZTF76M9G;
						ProvisioningStyle = Automatic;
					};
					D7915915D6E953F3BF0540D8 = {
						DevelopmentTeam = HRZTF76M9G;
						ProvisioningStyle = Automatic;
					};
					E12F140DD11D2E9265750C53 = {
						DevelopmentTeam = HRZTF76M9G;
						ProvisioningStyle = Automatic;
					};
					F18E425158B63738A159AFB7 = {
						DevelopmentTeam = HRZTF76M9G;
						ProvisioningStyle = Automatic;
					};
				};
			};
			buildConfigurationList = 4F5FAEA4EF22532B57003DF1 /* Build configuration list for PBXProject "Brainrot" */;
			developmentRegion = en;
			hasScannedForEncodings = 0;
			knownRegions = (
				Base,
				en,
			);
			mainGroup = 18D30AAD8ECC685C182F3DC3;
			minimizedProjectReferenceProxies = 1;
			preferredProjectObjectVersion = 77;
			productRefGroup = BC3680638F9FCFE5164C4290 /* Products */;
			projectDirPath = "";
			projectRoot = "";
			targets = (
				6EBFC501B900AD6E488D694B /* Brainrot */,
				F18E425158B63738A159AFB7 /* BrainrotWidget */,
				623FC078BAB74D32F29B6BBB /* BrainrotMonitor */,
				A82EFA0DFECB6BB8FAC025D3 /* BrainrotReport */,
				ACA763C80D4E3D976F0AF0F2 /* BrainrotShieldConfig */,
				93C483CD59314285401007C9 /* BrainrotShieldAction */,
				E12F140DD11D2E9265750C53 /* BrainrotLite */,
				D7915915D6E953F3BF0540D8 /* BrainrotLiteWidget */,
			);
		};
/* End PBXProject section */

/* Begin PBXResourcesBuildPhase section */
		013DAB448BCE5739338B1C21 /* Resources */ = {
			isa = PBXResourcesBuildPhase;
			buildActionMask = 2147483647;
			files = (
				DCD5AC53A0518CD242034BB9 /* Assets.xcassets in Resources */,
			);
			runOnlyForDeploymentPostprocessing = 0;
		};
		7ACF6509B748BA127AC1E9CD /* Resources */ = {
			isa = PBXResourcesBuildPhase;
			buildActionMask = 2147483647;
			files = (
				7FD51559A2CEA9AF7FB4071E /* Assets.xcassets in Resources */,
			);
			runOnlyForDeploymentPostprocessing = 0;
		};
/* End PBXResourcesBuildPhase section */

/* Begin PBXSourcesBuildPhase section */
		6A4F465D6E18959E19283BF1 /* Sources */ = {
			isa = PBXSourcesBuildPhase;
			buildActionMask = 2147483647;
			files = (
				F4C8083A4CD224591120AB66 /* ActivityNames.swift in Sources */,
				D00C78CC1F4C8BBCD7314087 /* AppGroup.swift in Sources */,
				C9FF0E9A6FCC2C5ADCE1A957 /* BrainView.swift in Sources */,
				9DC7DD6ACE528D772BCBEE9F /* DeviceActivityMonitorExtension.swift in Sources */,
				D2C9ED1223727DC73C54E135 /* Roasts.swift in Sources */,
				4ADAF69980E343EA37505DCA /* RotModel.swift in Sources */,
				E2E278F1A0A79A4F2838DA61 /* SelectionStore.swift in Sources */,
				591D59940421BA1CA10B298F /* SharedStore.swift in Sources */,
			);
			runOnlyForDeploymentPostprocessing = 0;
		};
		6AF080D4D8DAA8FC4F3CE20C /* Sources */ = {
			isa = PBXSourcesBuildPhase;
			buildActionMask = 2147483647;
			files = (
				F759C03D366C19ED3343F39F /* AppGroup.swift in Sources */,
				7DD7A975BD88F71FE5CA003B /* BrainView.swift in Sources */,
				890E6478F82684932CD84BB9 /* Roasts.swift in Sources */,
				DE4736A50584B18737399291 /* RotModel.swift in Sources */,
				DF4C56AFDD31CBC3CE918CBB /* SharedStore.swift in Sources */,
				5FD251FEA3EF60B09B85827E /* ShieldConfigurationExtension.swift in Sources */,
			);
			runOnlyForDeploymentPostprocessing = 0;
		};
		9BA073DE91DC132371568035 /* Sources */ = {
			isa = PBXSourcesBuildPhase;
			buildActionMask = 2147483647;
			files = (
				C779D017DDE387B78BB03910 /* AppGroup.swift in Sources */,
				BD453E9F72D0E6C4B5EA38E5 /* BrainView.swift in Sources */,
				076A17665A941387760BEB96 /* BrainrotWidget.swift in Sources */,
				F0705720EAB0F94314CFAF00 /* Roasts.swift in Sources */,
				C53D23DFD156BD2347A36CE6 /* RotModel.swift in Sources */,
				5FE45BE97AF8128FB2C67FD7 /* SharedStore.swift in Sources */,
			);
			runOnlyForDeploymentPostprocessing = 0;
		};
		B5E7BAEED0CE3B30E43B7A39 /* Sources */ = {
			isa = PBXSourcesBuildPhase;
			buildActionMask = 2147483647;
			files = (
				8C7A3512A010A19906C7A39B /* AppGroup.swift in Sources */,
				B1BC10E4B4217F447EEEDABF /* BrainView.swift in Sources */,
				C142D86AE12380E2DFFCF52C /* BrainrotWidget.swift in Sources */,
				C619F7008CA222C44AA4EC6A /* Roasts.swift in Sources */,
				4C78DC7703228649600CD40A /* RotModel.swift in Sources */,
				E029DADF92CB0F5C9789826C /* SharedStore.swift in Sources */,
			);
			runOnlyForDeploymentPostprocessing = 0;
		};
		B77F79559C89023E9EA1496C /* Sources */ = {
			isa = PBXSourcesBuildPhase;
			buildActionMask = 2147483647;
			files = (
				A3596C0FB4624CCF2E2EED8B /* AICoach.swift in Sources */,
				7EE3EA33039CA905CCEECC37 /* ActivityNames.swift in Sources */,
				D5BB0591098B108DC73E9205 /* AppGroup.swift in Sources */,
				804E58BCA68A21CA2161A1F5 /* AppModel.swift in Sources */,
				65A50B05B2E129CF0A398296 /* BrainView.swift in Sources */,
				E90389C1042F6DE38E96CB1C /* BrainrotApp.swift in Sources */,
				4791F8EE9AB5368E746FD36E /* ChallengeView.swift in Sources */,
				1A68F85C85E95B2712B99ACA /* CoachView.swift in Sources */,
				7BA26B80D1E2C017B0C1BB46 /* Components.swift in Sources */,
				ED3EFBEF82AD9E690F2FC969 /* DashboardView.swift in Sources */,
				7BF6A2ECF32197DB5766129E /* Keychain.swift in Sources */,
				96DB8B88E99117B0278D6BE8 /* OnboardingView.swift in Sources */,
				ED27EB3894EBC239F17AFF52 /* Pedometer.swift in Sources */,
				21DF76302A22A5EB3D4CD008 /* Roasts.swift in Sources */,
				59C4AD9184F475E4AD9E38C7 /* RootView.swift in Sources */,
				86F2A67161570BE35E7A7002 /* RotModel.swift in Sources */,
				9883775C9FCDBC0D9F73EFE9 /* ScreenTimeManager.swift in Sources */,
				002750D1EB451F4F52568309 /* SelectionStore.swift in Sources */,
				8AB11721C3670D56A484FC0B /* SettingsView.swift in Sources */,
				E3A9C00019A937415C19C76C /* SharedStore.swift in Sources */,
				450A1EA3522379CFFAA5D687 /* StatsView.swift in Sources */,
			);
			runOnlyForDeploymentPostprocessing = 0;
		};
		D45FA453BF7C1E2258290042 /* Sources */ = {
			isa = PBXSourcesBuildPhase;
			buildActionMask = 2147483647;
			files = (
				883EC00F5742BD3782C1E844 /* AppGroup.swift in Sources */,
				8524C23E60EB1F79B4E24B83 /* BrainView.swift in Sources */,
				38D6160AEAF236B8E1241D69 /* ReportExtension.swift in Sources */,
				59AAE2593F0B90767E24FF13 /* Roasts.swift in Sources */,
				5C7AAF70CC9E0ED49FD80DCE /* RotModel.swift in Sources */,
				352BCDDC72046B19E789F4FF /* SharedStore.swift in Sources */,
			);
			runOnlyForDeploymentPostprocessing = 0;
		};
		E822E783E085E8A2384D3DF6 /* Sources */ = {
			isa = PBXSourcesBuildPhase;
			buildActionMask = 2147483647;
			files = (
				331D79B185473232C2598319 /* AICoach.swift in Sources */,
				CE53397BD233EFB038AB7942 /* ActivityNames.swift in Sources */,
				D525FC445AFB84674F299890 /* AppGroup.swift in Sources */,
				FD7572C301955E422C4A78FE /* AppModel.swift in Sources */,
				900FE6D25DC4267E18F05274 /* BrainView.swift in Sources */,
				C8B0CAF0C7BBCBEC8977C881 /* BrainrotApp.swift in Sources */,
				4CF052025427AA49E043ADC1 /* ChallengeView.swift in Sources */,
				5569888DE740113BD2A3AE0B /* CoachView.swift in Sources */,
				8D6B44CB84153243715A4098 /* Components.swift in Sources */,
				8E9E9A09319E59BE52E7F33A /* DashboardView.swift in Sources */,
				49A3AA2BA9E365FDA985EB8A /* Keychain.swift in Sources */,
				D9477BFAEB0A5E17D51ADBCB /* OnboardingView.swift in Sources */,
				464438E37594CC946BC4BF1B /* Pedometer.swift in Sources */,
				D1BAA6508636FFD54D0D9BF9 /* Roasts.swift in Sources */,
				999F5947D7EF6DED6643C41C /* RootView.swift in Sources */,
				A6AE4F36246A555B9DACB17B /* RotModel.swift in Sources */,
				26CA4435C727B5FBE6D7EA73 /* ScreenTimeManager.swift in Sources */,
				FBACAB16895FCBF3F80D1500 /* SelectionStore.swift in Sources */,
				23220110CC11922D4764E1B0 /* SettingsView.swift in Sources */,
				EF9EF72F94A1AAA7FBACCB97 /* SharedStore.swift in Sources */,
				062B7A7F5BFFACD086AAD444 /* StatsView.swift in Sources */,
			);
			runOnlyForDeploymentPostprocessing = 0;
		};
		FFC862C2DE8BD4BF10170D1A /* Sources */ = {
			isa = PBXSourcesBuildPhase;
			buildActionMask = 2147483647;
			files = (
				460B6ABA802F43B26D04E033 /* AppGroup.swift in Sources */,
				DB5E06AB8AB001BCD40A1E9B /* BrainView.swift in Sources */,
				0C93308666609913A5AC57BA /* Roasts.swift in Sources */,
				340243E7128A93442AC59C82 /* RotModel.swift in Sources */,
				DE4C706F09DAA2F5F3B48099 /* SharedStore.swift in Sources */,
				6A6B8F5594E65713500A20B2 /* ShieldActionExtension.swift in Sources */,
			);
			runOnlyForDeploymentPostprocessing = 0;
		};
/* End PBXSourcesBuildPhase section */

/* Begin PBXTargetDependency section */
		7490AB2BD1EC399D0F2BAC8F /* PBXTargetDependency */ = {
			isa = PBXTargetDependency;
			target = 623FC078BAB74D32F29B6BBB /* BrainrotMonitor */;
			targetProxy = 85633572FB2CFC777D3C6F3E /* PBXContainerItemProxy */;
		};
		9249E55509A3596D878C06C8 /* PBXTargetDependency */ = {
			isa = PBXTargetDependency;
			target = D7915915D6E953F3BF0540D8 /* BrainrotLiteWidget */;
			targetProxy = F0BD41D1300D9A9F13589902 /* PBXContainerItemProxy */;
		};
		93B0A01ACFF00947505AB08D /* PBXTargetDependency */ = {
			isa = PBXTargetDependency;
			target = 93C483CD59314285401007C9 /* BrainrotShieldAction */;
			targetProxy = 8753E121E640ACF139B08D52 /* PBXContainerItemProxy */;
		};
		9BC1C4608D89EA88F50FD4BA /* PBXTargetDependency */ = {
			isa = PBXTargetDependency;
			target = ACA763C80D4E3D976F0AF0F2 /* BrainrotShieldConfig */;
			targetProxy = A8661B98D53E0FEB606A9442 /* PBXContainerItemProxy */;
		};
		BDBB5A683CFF9A4299BF4F76 /* PBXTargetDependency */ = {
			isa = PBXTargetDependency;
			target = F18E425158B63738A159AFB7 /* BrainrotWidget */;
			targetProxy = 444A9284A5FB09360073DCF7 /* PBXContainerItemProxy */;
		};
		EBD1A6484DC620B8A86C28A4 /* PBXTargetDependency */ = {
			isa = PBXTargetDependency;
			target = A82EFA0DFECB6BB8FAC025D3 /* BrainrotReport */;
			targetProxy = 987663DC112701499E7790F6 /* PBXContainerItemProxy */;
		};
/* End PBXTargetDependency section */

/* Begin XCBuildConfiguration section */
		063169D79A0D556A881FAA43 /* Debug */ = {
			isa = XCBuildConfiguration;
			buildSettings = {
				ALWAYS_SEARCH_USER_PATHS = NO;
				CLANG_ANALYZER_NONNULL = YES;
				CLANG_ANALYZER_NUMBER_OBJECT_CONVERSION = YES_AGGRESSIVE;
				CLANG_CXX_LANGUAGE_STANDARD = "gnu++14";
				CLANG_CXX_LIBRARY = "libc++";
				CLANG_ENABLE_MODULES = YES;
				CLANG_ENABLE_OBJC_ARC = YES;
				CLANG_ENABLE_OBJC_WEAK = YES;
				CLANG_WARN_BLOCK_CAPTURE_AUTORELEASING = YES;
				CLANG_WARN_BOOL_CONVERSION = YES;
				CLANG_WARN_COMMA = YES;
				CLANG_WARN_CONSTANT_CONVERSION = YES;
				CLANG_WARN_DEPRECATED_OBJC_IMPLEMENTATIONS = YES;
				CLANG_WARN_DIRECT_OBJC_ISA_USAGE = YES_ERROR;
				CLANG_WARN_DOCUMENTATION_COMMENTS = YES;
				CLANG_WARN_EMPTY_BODY = YES;
				CLANG_WARN_ENUM_CONVERSION = YES;
				CLANG_WARN_INFINITE_RECURSION = YES;
				CLANG_WARN_INT_CONVERSION = YES;
				CLANG_WARN_NON_LITERAL_NULL_CONVERSION = YES;
				CLANG_WARN_OBJC_IMPLICIT_RETAIN_SELF = YES;
				CLANG_WARN_OBJC_LITERAL_CONVERSION = YES;
				CLANG_WARN_OBJC_ROOT_CLASS = YES_ERROR;
				CLANG_WARN_QUOTED_INCLUDE_IN_FRAMEWORK_HEADER = YES;
				CLANG_WARN_RANGE_LOOP_ANALYSIS = YES;
				CLANG_WARN_STRICT_PROTOTYPES = YES;
				CLANG_WARN_SUSPICIOUS_MOVE = YES;
				CLANG_WARN_UNGUARDED_AVAILABILITY = YES_AGGRESSIVE;
				CLANG_WARN_UNREACHABLE_CODE = YES;
				CLANG_WARN__DUPLICATE_METHOD_MATCH = YES;
				CODE_SIGN_STYLE = Automatic;
				COPY_PHASE_STRIP = NO;
				CURRENT_PROJECT_VERSION = 1;
				DEBUG_INFORMATION_FORMAT = dwarf;
				DEVELOPMENT_TEAM = HRZTF76M9G;
				ENABLE_STRICT_OBJC_MSGSEND = YES;
				ENABLE_TESTABILITY = YES;
				ENABLE_USER_SCRIPT_SANDBOXING = YES;
				GCC_C_LANGUAGE_STANDARD = gnu11;
				GCC_DYNAMIC_NO_PIC = NO;
				GCC_NO_COMMON_BLOCKS = YES;
				GCC_OPTIMIZATION_LEVEL = 0;
				GCC_PREPROCESSOR_DEFINITIONS = (
					"$(inherited)",
					"DEBUG=1",
				);
				GCC_WARN_64_TO_32_BIT_CONVERSION = YES;
				GCC_WARN_ABOUT_RETURN_TYPE = YES_ERROR;
				GCC_WARN_UNDECLARED_SELECTOR = YES;
				GCC_WARN_UNINITIALIZED_AUTOS = YES_AGGRESSIVE;
				GCC_WARN_UNUSED_FUNCTION = YES;
				GCC_WARN_UNUSED_VARIABLE = YES;
				GENERATE_INFOPLIST_FILE = NO;
				IPHONEOS_DEPLOYMENT_TARGET = 17.0;
				MARKETING_VERSION = 1.0.0;
				MTL_ENABLE_DEBUG_INFO = INCLUDE_SOURCE;
				MTL_FAST_MATH = YES;
				ONLY_ACTIVE_ARCH = YES;
				PRODUCT_NAME = "$(TARGET_NAME)";
				SDKROOT = iphoneos;
				SWIFT_ACTIVE_COMPILATION_CONDITIONS = DEBUG;
				SWIFT_OPTIMIZATION_LEVEL = "-Onone";
				SWIFT_STRICT_CONCURRENCY = minimal;
				SWIFT_VERSION = 5.0;
				TARGETED_DEVICE_FAMILY = 1;
			};
			name = Debug;
		};
		1159837C2D7D236D4751DD36 /* Debug */ = {
			isa = XCBuildConfiguration;
			buildSettings = {
				ASSETCATALOG_COMPILER_GLOBAL_ACCENT_COLOR_NAME = AccentColor;
				CODE_SIGN_ENTITLEMENTS = BrainrotWidget/BrainrotLiteWidget.entitlements;
				INFOPLIST_FILE = "BrainrotWidget/Info-Lite.plist";
				LD_RUNPATH_SEARCH_PATHS = (
					"$(inherited)",
					"@executable_path/Frameworks",
					"@executable_path/../../Frameworks",
				);
				PRODUCT_BUNDLE_IDENTIFIER = com.matejkrcek.brainrotlite.widget;
				SDKROOT = iphoneos;
				SKIP_INSTALL = YES;
				TARGETED_DEVICE_FAMILY = "1,2";
			};
			name = Debug;
		};
		141C6FE3F19263A2B48D43C6 /* Release */ = {
			isa = XCBuildConfiguration;
			buildSettings = {
				ASSETCATALOG_COMPILER_GLOBAL_ACCENT_COLOR_NAME = AccentColor;
				CODE_SIGN_ENTITLEMENTS = BrainrotWidget/BrainrotWidget.entitlements;
				INFOPLIST_FILE = BrainrotWidget/Info.plist;
				LD_RUNPATH_SEARCH_PATHS = (
					"$(inherited)",
					"@executable_path/Frameworks",
					"@executable_path/../../Frameworks",
				);
				PRODUCT_BUNDLE_IDENTIFIER = com.matejkrcek.brainrot.widget;
				SDKROOT = iphoneos;
				SKIP_INSTALL = YES;
				TARGETED_DEVICE_FAMILY = "1,2";
			};
			name = Release;
		};
		462A07E2F81058575C63D936 /* Debug */ = {
			isa = XCBuildConfiguration;
			buildSettings = {
				ASSETCATALOG_COMPILER_GLOBAL_ACCENT_COLOR_NAME = AccentColor;
				CODE_SIGN_ENTITLEMENTS = BrainrotReport/BrainrotReport.entitlements;
				INFOPLIST_FILE = BrainrotReport/Info.plist;
				LD_RUNPATH_SEARCH_PATHS = (
					"$(inherited)",
					"@executable_path/Frameworks",
					"@executable_path/../../Frameworks",
				);
				PRODUCT_BUNDLE_IDENTIFIER = com.matejkrcek.brainrot.report;
				SDKROOT = iphoneos;
				SKIP_INSTALL = YES;
				TARGETED_DEVICE_FAMILY = "1,2";
			};
			name = Debug;
		};
		4ED88DA4984E147973540839 /* Release */ = {
			isa = XCBuildConfiguration;
			buildSettings = {
				ALWAYS_SEARCH_USER_PATHS = NO;
				CLANG_ANALYZER_NONNULL = YES;
				CLANG_ANALYZER_NUMBER_OBJECT_CONVERSION = YES_AGGRESSIVE;
				CLANG_CXX_LANGUAGE_STANDARD = "gnu++14";
				CLANG_CXX_LIBRARY = "libc++";
				CLANG_ENABLE_MODULES = YES;
				CLANG_ENABLE_OBJC_ARC = YES;
				CLANG_ENABLE_OBJC_WEAK = YES;
				CLANG_WARN_BLOCK_CAPTURE_AUTORELEASING = YES;
				CLANG_WARN_BOOL_CONVERSION = YES;
				CLANG_WARN_COMMA = YES;
				CLANG_WARN_CONSTANT_CONVERSION = YES;
				CLANG_WARN_DEPRECATED_OBJC_IMPLEMENTATIONS = YES;
				CLANG_WARN_DIRECT_OBJC_ISA_USAGE = YES_ERROR;
				CLANG_WARN_DOCUMENTATION_COMMENTS = YES;
				CLANG_WARN_EMPTY_BODY = YES;
				CLANG_WARN_ENUM_CONVERSION = YES;
				CLANG_WARN_INFINITE_RECURSION = YES;
				CLANG_WARN_INT_CONVERSION = YES;
				CLANG_WARN_NON_LITERAL_NULL_CONVERSION = YES;
				CLANG_WARN_OBJC_IMPLICIT_RETAIN_SELF = YES;
				CLANG_WARN_OBJC_LITERAL_CONVERSION = YES;
				CLANG_WARN_OBJC_ROOT_CLASS = YES_ERROR;
				CLANG_WARN_QUOTED_INCLUDE_IN_FRAMEWORK_HEADER = YES;
				CLANG_WARN_RANGE_LOOP_ANALYSIS = YES;
				CLANG_WARN_STRICT_PROTOTYPES = YES;
				CLANG_WARN_SUSPICIOUS_MOVE = YES;
				CLANG_WARN_UNGUARDED_AVAILABILITY = YES_AGGRESSIVE;
				CLANG_WARN_UNREACHABLE_CODE = YES;
				CLANG_WARN__DUPLICATE_METHOD_MATCH = YES;
				CODE_SIGN_STYLE = Automatic;
				COPY_PHASE_STRIP = NO;
				CURRENT_PROJECT_VERSION = 1;
				DEBUG_INFORMATION_FORMAT = "dwarf-with-dsym";
				DEVELOPMENT_TEAM = HRZTF76M9G;
				ENABLE_NS_ASSERTIONS = NO;
				ENABLE_STRICT_OBJC_MSGSEND = YES;
				ENABLE_USER_SCRIPT_SANDBOXING = YES;
				GCC_C_LANGUAGE_STANDARD = gnu11;
				GCC_NO_COMMON_BLOCKS = YES;
				GCC_WARN_64_TO_32_BIT_CONVERSION = YES;
				GCC_WARN_ABOUT_RETURN_TYPE = YES_ERROR;
				GCC_WARN_UNDECLARED_SELECTOR = YES;
				GCC_WARN_UNINITIALIZED_AUTOS = YES_AGGRESSIVE;
				GCC_WARN_UNUSED_FUNCTION = YES;
				GCC_WARN_UNUSED_VARIABLE = YES;
				GENERATE_INFOPLIST_FILE = NO;
				IPHONEOS_DEPLOYMENT_TARGET = 17.0;
				MARKETING_VERSION = 1.0.0;
				MTL_ENABLE_DEBUG_INFO = NO;
				MTL_FAST_MATH = YES;
				PRODUCT_NAME = "$(TARGET_NAME)";
				SDKROOT = iphoneos;
				SWIFT_COMPILATION_MODE = wholemodule;
				SWIFT_OPTIMIZATION_LEVEL = "-O";
				SWIFT_STRICT_CONCURRENCY = minimal;
				SWIFT_VERSION = 5.0;
				TARGETED_DEVICE_FAMILY = 1;
			};
			name = Release;
		};
		587D14D3C56FF975A96ECEAB /* Debug */ = {
			isa = XCBuildConfiguration;
			buildSettings = {
				ASSETCATALOG_COMPILER_APPICON_NAME = AppIcon;
				ASSETCATALOG_COMPILER_GLOBAL_ACCENT_COLOR_NAME = AccentColor;
				CODE_SIGN_ENTITLEMENTS = Brainrot/BrainrotLite.entitlements;
				CODE_SIGN_IDENTITY = "iPhone Developer";
				INFOPLIST_FILE = "Brainrot/Info-Lite.plist";
				INFOPLIST_KEY_UIStatusBarStyle = UIStatusBarStyleLightContent;
				LD_RUNPATH_SEARCH_PATHS = (
					"$(inherited)",
					"@executable_path/Frameworks",
				);
				PRODUCT_BUNDLE_IDENTIFIER = com.matejkrcek.brainrotlite;
				PRODUCT_NAME = BrainrotLite;
				SDKROOT = iphoneos;
				TARGETED_DEVICE_FAMILY = "1,2";
			};
			name = Debug;
		};
		6174921B4906FAEED6A90C63 /* Debug */ = {
			isa = XCBuildConfiguration;
			buildSettings = {
				ASSETCATALOG_COMPILER_GLOBAL_ACCENT_COLOR_NAME = AccentColor;
				CODE_SIGN_ENTITLEMENTS = BrainrotMonitor/BrainrotMonitor.entitlements;
				INFOPLIST_FILE = BrainrotMonitor/Info.plist;
				LD_RUNPATH_SEARCH_PATHS = (
					"$(inherited)",
					"@executable_path/Frameworks",
					"@executable_path/../../Frameworks",
				);
				PRODUCT_BUNDLE_IDENTIFIER = com.matejkrcek.brainrot.monitor;
				SDKROOT = iphoneos;
				SKIP_INSTALL = YES;
				TARGETED_DEVICE_FAMILY = "1,2";
			};
			name = Debug;
		};
		6BC244B77EC8F3B6068899B5 /* Release */ = {
			isa = XCBuildConfiguration;
			buildSettings = {
				ASSETCATALOG_COMPILER_GLOBAL_ACCENT_COLOR_NAME = AccentColor;
				CODE_SIGN_ENTITLEMENTS = BrainrotReport/BrainrotReport.entitlements;
				INFOPLIST_FILE = BrainrotReport/Info.plist;
				LD_RUNPATH_SEARCH_PATHS = (
					"$(inherited)",
					"@executable_path/Frameworks",
					"@executable_path/../../Frameworks",
				);
				PRODUCT_BUNDLE_IDENTIFIER = com.matejkrcek.brainrot.report;
				SDKROOT = iphoneos;
				SKIP_INSTALL = YES;
				TARGETED_DEVICE_FAMILY = "1,2";
			};
			name = Release;
		};
		72A1B214C11CB065563FB540 /* Release */ = {
			isa = XCBuildConfiguration;
			buildSettings = {
				ASSETCATALOG_COMPILER_GLOBAL_ACCENT_COLOR_NAME = AccentColor;
				CODE_SIGN_ENTITLEMENTS = BrainrotMonitor/BrainrotMonitor.entitlements;
				INFOPLIST_FILE = BrainrotMonitor/Info.plist;
				LD_RUNPATH_SEARCH_PATHS = (
					"$(inherited)",
					"@executable_path/Frameworks",
					"@executable_path/../../Frameworks",
				);
				PRODUCT_BUNDLE_IDENTIFIER = com.matejkrcek.brainrot.monitor;
				SDKROOT = iphoneos;
				SKIP_INSTALL = YES;
				TARGETED_DEVICE_FAMILY = "1,2";
			};
			name = Release;
		};
		909C4BCBD3F0BEA99313CB30 /* Release */ = {
			isa = XCBuildConfiguration;
			buildSettings = {
				ASSETCATALOG_COMPILER_APPICON_NAME = AppIcon;
				ASSETCATALOG_COMPILER_GLOBAL_ACCENT_COLOR_NAME = AccentColor;
				CODE_SIGN_ENTITLEMENTS = Brainrot/BrainrotLite.entitlements;
				CODE_SIGN_IDENTITY = "iPhone Developer";
				INFOPLIST_FILE = "Brainrot/Info-Lite.plist";
				INFOPLIST_KEY_UIStatusBarStyle = UIStatusBarStyleLightContent;
				LD_RUNPATH_SEARCH_PATHS = (
					"$(inherited)",
					"@executable_path/Frameworks",
				);
				PRODUCT_BUNDLE_IDENTIFIER = com.matejkrcek.brainrotlite;
				PRODUCT_NAME = BrainrotLite;
				SDKROOT = iphoneos;
				TARGETED_DEVICE_FAMILY = "1,2";
			};
			name = Release;
		};
		A2FA4F129DF99A6660EA1989 /* Debug */ = {
			isa = XCBuildConfiguration;
			buildSettings = {
				ASSETCATALOG_COMPILER_GLOBAL_ACCENT_COLOR_NAME = AccentColor;
				CODE_SIGN_ENTITLEMENTS = BrainrotShieldConfig/BrainrotShieldConfig.entitlements;
				INFOPLIST_FILE = BrainrotShieldConfig/Info.plist;
				LD_RUNPATH_SEARCH_PATHS = (
					"$(inherited)",
					"@executable_path/Frameworks",
					"@executable_path/../../Frameworks",
				);
				PRODUCT_BUNDLE_IDENTIFIER = com.matejkrcek.brainrot.shieldconfig;
				SDKROOT = iphoneos;
				SKIP_INSTALL = YES;
				TARGETED_DEVICE_FAMILY = "1,2";
			};
			name = Debug;
		};
		A60FED561FA0EAC08D2CBBC7 /* Release */ = {
			isa = XCBuildConfiguration;
			buildSettings = {
				ASSETCATALOG_COMPILER_GLOBAL_ACCENT_COLOR_NAME = AccentColor;
				CODE_SIGN_ENTITLEMENTS = BrainrotWidget/BrainrotLiteWidget.entitlements;
				INFOPLIST_FILE = "BrainrotWidget/Info-Lite.plist";
				LD_RUNPATH_SEARCH_PATHS = (
					"$(inherited)",
					"@executable_path/Frameworks",
					"@executable_path/../../Frameworks",
				);
				PRODUCT_BUNDLE_IDENTIFIER = com.matejkrcek.brainrotlite.widget;
				SDKROOT = iphoneos;
				SKIP_INSTALL = YES;
				TARGETED_DEVICE_FAMILY = "1,2";
			};
			name = Release;
		};
		B9C55941E5F1C7DD8218D0BF /* Release */ = {
			isa = XCBuildConfiguration;
			buildSettings = {
				ASSETCATALOG_COMPILER_GLOBAL_ACCENT_COLOR_NAME = AccentColor;
				CODE_SIGN_ENTITLEMENTS = BrainrotShieldConfig/BrainrotShieldConfig.entitlements;
				INFOPLIST_FILE = BrainrotShieldConfig/Info.plist;
				LD_RUNPATH_SEARCH_PATHS = (
					"$(inherited)",
					"@executable_path/Frameworks",
					"@executable_path/../../Frameworks",
				);
				PRODUCT_BUNDLE_IDENTIFIER = com.matejkrcek.brainrot.shieldconfig;
				SDKROOT = iphoneos;
				SKIP_INSTALL = YES;
				TARGETED_DEVICE_FAMILY = "1,2";
			};
			name = Release;
		};
		E749CCF08B5C0E1B9242FBC5 /* Debug */ = {
			isa = XCBuildConfiguration;
			buildSettings = {
				ASSETCATALOG_COMPILER_GLOBAL_ACCENT_COLOR_NAME = AccentColor;
				CODE_SIGN_ENTITLEMENTS = BrainrotShieldAction/BrainrotShieldAction.entitlements;
				INFOPLIST_FILE = BrainrotShieldAction/Info.plist;
				LD_RUNPATH_SEARCH_PATHS = (
					"$(inherited)",
					"@executable_path/Frameworks",
					"@executable_path/../../Frameworks",
				);
				PRODUCT_BUNDLE_IDENTIFIER = com.matejkrcek.brainrot.shieldaction;
				SDKROOT = iphoneos;
				SKIP_INSTALL = YES;
				TARGETED_DEVICE_FAMILY = "1,2";
			};
			name = Debug;
		};
		F1A7F3C9D9045B140FA6D3FB /* Debug */ = {
			isa = XCBuildConfiguration;
			buildSettings = {
				ASSETCATALOG_COMPILER_APPICON_NAME = AppIcon;
				ASSETCATALOG_COMPILER_GLOBAL_ACCENT_COLOR_NAME = AccentColor;
				CODE_SIGN_ENTITLEMENTS = Brainrot/Brainrot.entitlements;
				CODE_SIGN_IDENTITY = "iPhone Developer";
				INFOPLIST_FILE = Brainrot/Info.plist;
				INFOPLIST_KEY_UIStatusBarStyle = UIStatusBarStyleLightContent;
				LD_RUNPATH_SEARCH_PATHS = (
					"$(inherited)",
					"@executable_path/Frameworks",
				);
				PRODUCT_BUNDLE_IDENTIFIER = com.matejkrcek.brainrot;
				SDKROOT = iphoneos;
				TARGETED_DEVICE_FAMILY = "1,2";
			};
			name = Debug;
		};
		F3282A57CE7C76DF4838BD52 /* Release */ = {
			isa = XCBuildConfiguration;
			buildSettings = {
				ASSETCATALOG_COMPILER_GLOBAL_ACCENT_COLOR_NAME = AccentColor;
				CODE_SIGN_ENTITLEMENTS = BrainrotShieldAction/BrainrotShieldAction.entitlements;
				INFOPLIST_FILE = BrainrotShieldAction/Info.plist;
				LD_RUNPATH_SEARCH_PATHS = (
					"$(inherited)",
					"@executable_path/Frameworks",
					"@executable_path/../../Frameworks",
				);
				PRODUCT_BUNDLE_IDENTIFIER = com.matejkrcek.brainrot.shieldaction;
				SDKROOT = iphoneos;
				SKIP_INSTALL = YES;
				TARGETED_DEVICE_FAMILY = "1,2";
			};
			name = Release;
		};
		F4036540488246832AF0B9F6 /* Debug */ = {
			isa = XCBuildConfiguration;
			buildSettings = {
				ASSETCATALOG_COMPILER_GLOBAL_ACCENT_COLOR_NAME = AccentColor;
				CODE_SIGN_ENTITLEMENTS = BrainrotWidget/BrainrotWidget.entitlements;
				INFOPLIST_FILE = BrainrotWidget/Info.plist;
				LD_RUNPATH_SEARCH_PATHS = (
					"$(inherited)",
					"@executable_path/Frameworks",
					"@executable_path/../../Frameworks",
				);
				PRODUCT_BUNDLE_IDENTIFIER = com.matejkrcek.brainrot.widget;
				SDKROOT = iphoneos;
				SKIP_INSTALL = YES;
				TARGETED_DEVICE_FAMILY = "1,2";
			};
			name = Debug;
		};
		F842FEEB5F31F2D36384E7B4 /* Release */ = {
			isa = XCBuildConfiguration;
			buildSettings = {
				ASSETCATALOG_COMPILER_APPICON_NAME = AppIcon;
				ASSETCATALOG_COMPILER_GLOBAL_ACCENT_COLOR_NAME = AccentColor;
				CODE_SIGN_ENTITLEMENTS = Brainrot/Brainrot.entitlements;
				CODE_SIGN_IDENTITY = "iPhone Developer";
				INFOPLIST_FILE = Brainrot/Info.plist;
				INFOPLIST_KEY_UIStatusBarStyle = UIStatusBarStyleLightContent;
				LD_RUNPATH_SEARCH_PATHS = (
					"$(inherited)",
					"@executable_path/Frameworks",
				);
				PRODUCT_BUNDLE_IDENTIFIER = com.matejkrcek.brainrot;
				SDKROOT = iphoneos;
				TARGETED_DEVICE_FAMILY = "1,2";
			};
			name = Release;
		};
/* End XCBuildConfiguration section */

/* Begin XCConfigurationList section */
		430B07EAB43BD723170F19A6 /* Build configuration list for PBXNativeTarget "BrainrotReport" */ = {
			isa = XCConfigurationList;
			buildConfigurations = (
				462A07E2F81058575C63D936 /* Debug */,
				6BC244B77EC8F3B6068899B5 /* Release */,
			);
			defaultConfigurationIsVisible = 0;
			defaultConfigurationName = Debug;
		};
		4F5FAEA4EF22532B57003DF1 /* Build configuration list for PBXProject "Brainrot" */ = {
			isa = XCConfigurationList;
			buildConfigurations = (
				063169D79A0D556A881FAA43 /* Debug */,
				4ED88DA4984E147973540839 /* Release */,
			);
			defaultConfigurationIsVisible = 0;
			defaultConfigurationName = Debug;
		};
		5CF5FF5C84F95CEDA7174D87 /* Build configuration list for PBXNativeTarget "BrainrotMonitor" */ = {
			isa = XCConfigurationList;
			buildConfigurations = (
				6174921B4906FAEED6A90C63 /* Debug */,
				72A1B214C11CB065563FB540 /* Release */,
			);
			defaultConfigurationIsVisible = 0;
			defaultConfigurationName = Debug;
		};
		5F466157019D01EF7BF29239 /* Build configuration list for PBXNativeTarget "BrainrotLite" */ = {
			isa = XCConfigurationList;
			buildConfigurations = (
				587D14D3C56FF975A96ECEAB /* Debug */,
				909C4BCBD3F0BEA99313CB30 /* Release */,
			);
			defaultConfigurationIsVisible = 0;
			defaultConfigurationName = Debug;
		};
		6377A6C4C2FD9C144AE093A4 /* Build configuration list for PBXNativeTarget "BrainrotWidget" */ = {
			isa = XCConfigurationList;
			buildConfigurations = (
				F4036540488246832AF0B9F6 /* Debug */,
				141C6FE3F19263A2B48D43C6 /* Release */,
			);
			defaultConfigurationIsVisible = 0;
			defaultConfigurationName = Debug;
		};
		A9FBE5476C4AD87D29D22EEE /* Build configuration list for PBXNativeTarget "Brainrot" */ = {
			isa = XCConfigurationList;
			buildConfigurations = (
				F1A7F3C9D9045B140FA6D3FB /* Debug */,
				F842FEEB5F31F2D36384E7B4 /* Release */,
			);
			defaultConfigurationIsVisible = 0;
			defaultConfigurationName = Debug;
		};
		DC97AC55B128BA51CDFBE4B8 /* Build configuration list for PBXNativeTarget "BrainrotShieldConfig" */ = {
			isa = XCConfigurationList;
			buildConfigurations = (
				A2FA4F129DF99A6660EA1989 /* Debug */,
				B9C55941E5F1C7DD8218D0BF /* Release */,
			);
			defaultConfigurationIsVisible = 0;
			defaultConfigurationName = Debug;
		};
		E7E3B538028D78C8003E6FB7 /* Build configuration list for PBXNativeTarget "BrainrotLiteWidget" */ = {
			isa = XCConfigurationList;
			buildConfigurations = (
				1159837C2D7D236D4751DD36 /* Debug */,
				A60FED561FA0EAC08D2CBBC7 /* Release */,
			);
			defaultConfigurationIsVisible = 0;
			defaultConfigurationName = Debug;
		};
		F7E31179A67184E718D33E39 /* Build configuration list for PBXNativeTarget "BrainrotShieldAction" */ = {
			isa = XCConfigurationList;
			buildConfigurations = (
				E749CCF08B5C0E1B9242FBC5 /* Debug */,
				F3282A57CE7C76DF4838BD52 /* Release */,
			);
			defaultConfigurationIsVisible = 0;
			defaultConfigurationName = Debug;
		};
/* End XCConfigurationList section */
	};
	rootObject = F1A9D09DD59D2C6CB6687581 /* Project object */;
}
